
Microsoft Visual Studio Solution File, Format Version 12.00
# Visual Studio Version 16
VisualStudioVersion = 16.0.36631.11
MinimumVisualStudioVersion = 10.0.40219.1
Project("{C9674DCB-5085-4A16-B785-4C70DD1589BD}") = "Proyecto3BasesII", "Proyecto3BasesII\Proyecto3BasesII.dtproj", "{8CA65096-F6AD-4656-A5E4-DC41AA062C0B}"
EndProject
Global
	GlobalSection(SolutionConfigurationPlatforms) = preSolution
		Development|Default = Development|Default
	EndGlobalSection
	GlobalSection(ProjectConfigurationPlatforms) = postSolution
		{8CA65096-F6AD-4656-A5E4-DC41AA062C0B}.Development|Default.ActiveCfg = Development
		{8CA65096-F6AD-4656-A5E4-DC41AA062C0B}.Development|Default.Build.0 = Development
	EndGlobalSection
	GlobalSection(SolutionProperties) = preSolution
		HideSolutionNode = FALSE
	EndGlobalSection
	GlobalSection(ExtensibilityGlobals) = postSolution
		SolutionGuid = {5D4D32EA-5DD1-4355-AAAA-D73B0DA6D5C1}
	EndGlobalSection
EndGlobal
